
Microsoft Visual Studio Solution File, Format Version 12.00
# Visual Studio 2013
VisualStudioVersion = 12.0.21005.1
MinimumVisualStudioVersion = 10.0.40219.1
Project("{FAE04EC0-301F-11D3-BF4B-00C04F79EFBC}") = "EPUWeb", "EPUWeb\EPUWeb.csproj", "{4B5B4690-FB70-4A8A-A471-408B0AC2AA3D}"
EndProject
Project("{2150E333-8FDC-42A3-9474-1A3956D46DE8}") = ".nuget", ".nuget", "{B8885DB0-676F-451B-9748-2DD1078CA1A4}"
	ProjectSection(SolutionItems) = preProject
		.nuget\NuGet.Config = .nuget\NuGet.Config
		.nuget\NuGet.exe = .nuget\NuGet.exe
		.nuget\NuGet.targets = .nuget\NuGet.targets
	EndProjectSection
EndProject
Global
	GlobalSection(SolutionConfigurationPlatforms) = preSolution
		Debug|Any CPU = Debug|Any CPU
		Release|Any CPU = Release|Any CPU
	EndGlobalSection
	GlobalSection(ProjectConfigurationPlatforms) = postSolution
		{4B5B4690-FB70-4A8A-A471-408B0AC2AA3D}.Debug|Any CPU.ActiveCfg = Debug|Any CPU
		{4B5B4690-FB70-4A8A-A471-408B0AC2AA3D}.Debug|Any CPU.Build.0 = Debug|Any CPU
		{4B5B4690-FB70-4A8A-A471-408B0AC2AA3D}.Release|Any CPU.ActiveCfg = Release|Any CPU
		{4B5B4690-FB70-4A8A-A471-408B0AC2AA3D}.Release|Any CPU.Build.0 = Release|Any CPU
	EndGlobalSection
	GlobalSection(SolutionProperties) = preSolution
		HideSolutionNode = FALSE
	EndGlobalSection
	GlobalSection(ExtensibilityGlobals) = postSolution
		SolutionGuid = {E5F18B03-9F96-4527-B37C-BE009B111FD2}
	EndGlobalSection
EndGlobal
